// !$*UTF8*$!
{
	archiveVersion = 1;
	classes = {
	};
	objectVersion = 56;
	objects = {

/* Begin PBXBuildFile section */
		F24154F32A17E611002CB17A /* aula3ManhaApp.swift in Sources */ = {isa = PBXBuildFile; fileRef = F24154F22A17E611002CB17A /* aula3ManhaApp.swift */; };
		F24154F52A17E611002CB17A /* ContentView.swift in Sources */ = {isa = PBXBuildFile; fileRef = F24154F42A17E611002CB17A /* ContentView.swift */; };
		F24154F72A17E613002CB17A /* Assets.xcassets in Resources */ = {isa = PBXBuildFile; fileRef = F24154F62A17E613002CB17A /* Assets.xcassets */; };
		F24154FA2A17E613002CB17A /* Preview Assets.xcassets in Resources */ = {isa = PBXBuildFile; fileRef = F24154F92A17E613002CB17A /* Preview Assets.xcassets */; };
		F24155012A17F1CB002CB17A /* PhotoView.swift in Sources */ = {isa = PBXBuildFile; fileRef = F24155002A17F1CB002CB17A /* PhotoView.swift */; };
		F24155032A17F2B4002CB17A /* HomeView.swift in Sources */ = {isa = PBXBuildFile; fileRef = F24155022A17F2B4002CB17A /* HomeView.swift */; };
		F24155052A17F526002CB17A /* SquareView.swift in Sources */ = {isa = PBXBuildFile; fileRef = F24155042A17F526002CB17A /* SquareView.swift */; };
		F24155072A17FBCF002CB17A /* Messages.swift in Sources */ = {isa = PBXBuildFile; fileRef = F24155062A17FBCF002CB17A /* Messages.swift */; };
		F241550B2A17FD41002CB17A /* Profile.swift in Sources */ = {isa = PBXBuildFile; fileRef = F241550A2A17FD41002CB17A /* Profile.swift */; };
/* End PBXBuildFile section */

/* Begin PBXFileReference section */
		F24154EF2A17E611002CB17A /* aula3Manha.app */ = {isa = PBXFileReference; explicitFileType = wrapper.application; includeInIndex = 0; path = aula3Manha.app; sourceTree = BUILT_PRODUCTS_DIR; };
		F24154F22A17E611002CB17A /* aula3ManhaApp.swift */ = {isa = PBXFileReference; lastKnownFileType = sourcecode.swift; path = aula3ManhaApp.swift; sourceTree = "<group>"; };
		F24154F42A17E611002CB17A /* ContentView.swift */ = {isa = PBXFileReference; lastKnownFileType = sourcecode.swift; path = ContentView.swift; sourceTree = "<group>"; };
		F24154F62A17E613002CB17A /* Assets.xcassets */ = {isa = PBXFileReference; lastKnownFileType = folder.assetcatalog; path = Assets.xcassets; sourceTree = "<group>"; };
		F24154F92A17E613002CB17A /* Preview Assets.xcassets */ = {isa = PBXFileReference; lastKnownFileType = folder.assetcatalog; path = "Preview Assets.xcassets"; sourceTree = "<group>"; };
		F24155002A17F1CB002CB17A /* PhotoView.swift */ = {isa = PBXFileReference; lastKnownFileType = sourcecode.swift; path = PhotoView.swift; sourceTree = "<group>"; };
		F24155022A17F2B4002CB17A /* HomeView.swift */ = {isa = PBXFileReference; lastKnownFileType = sourcecode.swift; path = HomeView.swift; sourceTree = "<group>"; };
		F24155042A17F526002CB17A /* SquareView.swift */ = {isa = PBXFileReference; lastKnownFileType = sourcecode.swift; path = SquareView.swift; sourceTree = "<group>"; };
		F24155062A17FBCF002CB17A /* Messages.swift */ = {isa = PBXFileReference; lastKnownFileType = sourcecode.swift; path = Messages.swift; sourceTree = "<group>"; };
		F241550A2A17FD41002CB17A /* Profile.swift */ = {isa = PBXFileReference; lastKnownFileType = sourcecode.swift; path = Profile.swift; sourceTree = "<group>"; };
/* End PBXFileReference section */

/* Begin PBXFrameworksBuildPhase section */
		F24154EC2A17E611002CB17A /* Frameworks */ = {
			isa = PBXFrameworksBuildPhase;
			buildActionMask = 2147483647;
			files = (
			);
			runOnlyForDeploymentPostprocessing = 0;
		};
/* End PBXFrameworksBuildPhase section */

/* Begin PBXGroup section */
		F24154E62A17E611002CB17A = {
			isa = PBXGroup;
			children = (
				F24154F12A17E611002CB17A /* aula3Manha */,
				F24154F02A17E611002CB17A /* Products */,
			);
			sourceTree = "<group>";
		};
		F24154F02A17E611002CB17A /* Products */ = {
			isa = PBXGroup;
			children = (
				F24154EF2A17E611002CB17A /* aula3Manha.app */,
			);
			name = Products;
			sourceTree = "<group>";
		};
		F24154F12A17E611002CB17A /* aula3Manha */ = {
			isa = PBXGroup;
			children = (
				F24154F22A17E611002CB17A /* aula3ManhaApp.swift */,
				F24154F42A17E611002CB17A /* ContentView.swift */,
				F24155022A17F2B4002CB17A /* HomeView.swift */,
				F24155042A17F526002CB17A /* SquareView.swift */,
				F24155002A17F1CB002CB17A /* PhotoView.swift */,
				F24155062A17FBCF002CB17A /* Messages.swift */,
				F241550A2A17FD41002CB17A /* Profile.swift */,
				F24154F62A17E613002CB17A /* Assets.xcassets */,
				F24154F82A17E613002CB17A /* Preview Content */,
			);
			path = aula3Manha;
			sourceTree = "<group>";
		};
		F24154F82A17E613002CB17A /* Preview Content */ = {
			isa = PBXGroup;
			children = (
				F24154F92A17E613002CB17A /* Preview Assets.xcassets */,
			);
			path = "Preview Content";
			sourceTree = "<group>";
		};
/* End PBXGroup section */

/* Begin PBXNativeTarget section */
		F24154EE2A17E611002CB17A /* aula3Manha */ = {
			isa = PBXNativeTarget;
			buildConfigurationList = F24154FD2A17E613002CB17A /* Build configuration list for PBXNativeTarget "aula3Manha" */;
			buildPhases = (
				F24154EB2A17E611002CB17A /* Sources */,
				F24154EC2A17E611002CB17A /* Frameworks */,
				F24154ED2A17E611002CB17A /* Resources */,
			);
			buildRules = (
			);
			dependencies = (
			);
			name = aula3Manha;
			productName = aula3Manha;
			productReference = F24154EF2A17E611002CB17A /* aula3Manha.app */;
			productType = "com.apple.product-type.application";
		};
/* End PBXNativeTarget section */

/* Begin PBXProject section */
		F24154E72A17E611002CB17A /* Project object */ = {
			isa = PBXProject;
			attributes = {
				BuildIndependentTargetsInParallel = 1;
				LastSwiftUpdateCheck = 1420;
				LastUpgradeCheck = 1420;
				TargetAttributes = {
					F24154EE2A17E611002CB17A = {
						CreatedOnToolsVersion = 14.2;
					};
				};
			};
			buildConfigurationList = F24154EA2A17E611002CB17A /* Build configuration list for PBXProject "aula3Manha" */;
			compatibilityVersion = "Xcode 14.0";
			developmentRegion = en;
			hasScannedForEncodings = 0;
			knownRegions = (
				en,
				Base,
			);
			mainGroup = F24154E62A17E611002CB17A;
			productRefGroup = F24154F02A17E611002CB17A /* Products */;
			projectDirPath = "";
			projectRoot = "";
			targets = (
				F24154EE2A17E611002CB17A /* aula3Manha */,
			);
		};
/* End PBXProject section */

/* Begin PBXResourcesBuildPhase section */
		F24154ED2A17E611002CB17A /* Resources */ = {
			isa = PBXResourcesBuildPhase;
			buildActionMask = 2147483647;
			files = (
				F24154FA2A17E613002CB17A /* Preview Assets.xcassets in Resources */,
				F24154F72A17E613002CB17A /* Assets.xcassets in Resources */,
			);
			runOnlyForDeploymentPostprocessing = 0;
		};
/* End PBXResourcesBuildPhase section */

/* Begin PBXSourcesBuildPhase section */
		F24154EB2A17E611002CB17A /* Sources */ = {
			isa = PBXSourcesBuildPhase;
			buildActionMask = 2147483647;
			files = (
				F24155012A17F1CB002CB17A /* PhotoView.swift in Sources */,
				F24155072A17FBCF002CB17A /* Messages.swift in Sources */,
				F24155052A17F526002CB17A /* SquareView.swift in Sources */,
				F241550B2A17FD41002CB17A /* Profile.swift in Sources */,
				F24155032A17F2B4002CB17A /* HomeView.swift in Sources */,
				F24154F52A17E611002CB17A /* ContentView.swift in Sources */,
				F24154F32A17E611002CB17A /* aula3ManhaApp.swift in Sources */,
			);
			runOnlyForDeploymentPostprocessing = 0;
		};
/* End PBXSourcesBuildPhase section */

/* Begin XCBuildConfiguration section */
		F24154FB2A17E613002CB17A /* Debug */ = {
			isa = XCBuildConfiguration;
			buildSettings = {
				ALWAYS_SEARCH_USER_PATHS = NO;
				CLANG_ANALYZER_NONNULL = YES;
				CLANG_ANALYZER_NUMBER_OBJECT_CONVERSION = YES_AGGRESSIVE;
				CLANG_CXX_LANGUAGE_STANDARD = "gnu++20";
				CLANG_ENABLE_MODULES = YES;
				CLANG_ENABLE_OBJC_ARC = YES;
				CLANG_ENABLE_OBJC_WEAK = YES;
				CLANG_WARN_BLOCK_CAPTURE_AUTORELEASING = YES;
				CLANG_WARN_BOOL_CONVERSION = YES;
				CLANG_WARN_COMMA = YES;
				CLANG_WARN_CONSTANT_CONVERSION = YES;
				CLANG_WARN_DEPRECATED_OBJC_IMPLEMENTATIONS = YES;
				CLANG_WARN_DIRECT_OBJC_ISA_USAGE = YES_ERROR;
				CLANG_WARN_DOCUMENTATION_COMMENTS = YES;
				CLANG_WARN_EMPTY_BODY = YES;
				CLANG_WARN_ENUM_CONVERSION = YES;
				CLANG_WARN_INFINITE_RECURSION = YES;
				CLANG_WARN_INT_CONVERSION = YES;
				CLANG_WARN_NON_LITERAL_NULL_CONVERSION = YES;
				CLANG_WARN_OBJC_IMPLICIT_RETAIN_SELF = YES;
				CLANG_WARN_OBJC_LITERAL_CONVERSION = YES;
				CLANG_WARN_OBJC_ROOT_CLASS = YES_ERROR;
				CLANG_WARN_QUOTED_INCLUDE_IN_FRAMEWORK_HEADER = YES;
				CLANG_WARN_RANGE_LOOP_ANALYSIS = YES;
				CLANG_WARN_STRICT_PROTOTYPES = YES;
				CLANG_WARN_SUSPICIOUS_MOVE = YES;
				CLANG_WARN_UNGUARDED_AVAILABILITY = YES_AGGRESSIVE;
				CLANG_WARN_UNREACHABLE_CODE = YES;
				CLANG_WARN__DUPLICATE_METHOD_MATCH = YES;
				COPY_PHASE_STRIP = NO;
				DEBUG_INFORMATION_FORMAT = dwarf;
				ENABLE_STRICT_OBJC_MSGSEND = YES;
				ENABLE_TESTABILITY = YES;
				GCC_C_LANGUAGE_STANDARD = gnu11;
				GCC_DYNAMIC_NO_PIC = NO;
				GCC_NO_COMMON_BLOCKS = YES;
				GCC_OPTIMIZATION_LEVEL = 0;
				GCC_PREPROCESSOR_DEFINITIONS = (
					"DEBUG=1",
					"$(inherited)",
				);
				GCC_WARN_64_TO_32_BIT_CONVERSION = YES;
				GCC_WARN_ABOUT_RETURN_TYPE = YES_ERROR;
				GCC_WARN_UNDECLARED_SELECTOR = YES;
				GCC_WARN_UNINITIALIZED_AUTOS = YES_AGGRESSIVE;
				GCC_WARN_UNUSED_FUNCTION = YES;
				GCC_WARN_UNUSED_VARIABLE = YES;
				IPHONEOS_DEPLOYMENT_TARGET = 16.2;
				MTL_ENABLE_DEBUG_INFO = INCLUDE_SOURCE;
				MTL_FAST_MATH = YES;
				ONLY_ACTIVE_ARCH = YES;
				SDKROOT = iphoneos;
				SWIFT_ACTIVE_COMPILATION_CONDITIONS = DEBUG;
				SWIFT_OPTIMIZATION_LEVEL = "-Onone";
			};
			name = Debug;
		};
		F24154FC2A17E613002CB17A /* Release */ = {
			isa = XCBuildConfiguration;
			buildSettings = {
				ALWAYS_SEARCH_USER_PATHS = NO;
				CLANG_ANALYZER_NONNULL = YES;
				CLANG_ANALYZER_NUMBER_OBJECT_CONVERSION = YES_AGGRESSIVE;
				CLANG_CXX_LANGUAGE_STANDARD = "gnu++20";
				CLANG_ENABLE_MODULES = YES;
				CLANG_ENABLE_OBJC_ARC = YES;
				CLANG_ENABLE_OBJC_WEAK = YES;
				CLANG_WARN_BLOCK_CAPTURE_AUTORELEASING = YES;
				CLANG_WARN_BOOL_CONVERSION = YES;
				CLANG_WARN_COMMA = YES;
				CLANG_WARN_CONSTANT_CONVERSION = YES;
				CLANG_WARN_DEPRECATED_OBJC_IMPLEMENTATIONS = YES;
				CLANG_WARN_DIRECT_OBJC_ISA_USAGE = YES_ERROR;
				CLANG_WARN_DOCUMENTATION_COMMENTS = YES;
				CLANG_WARN_EMPTY_BODY = YES;
				CLANG_WARN_ENUM_CONVERSION = YES;
				CLANG_WARN_INFINITE_RECURSION = YES;
				CLANG_WARN_INT_CONVERSION = YES;
				CLANG_WARN_NON_LITERAL_NULL_CONVERSION = YES;
				CLANG_WARN_OBJC_IMPLICIT_RETAIN_SELF = YES;
				CLANG_WARN_OBJC_LITERAL_CONVERSION = YES;
				CLANG_WARN_OBJC_ROOT_CLASS = YES_ERROR;
				CLANG_WARN_QUOTED_INCLUDE_IN_FRAMEWORK_HEADER = YES;
				CLANG_WARN_RANGE_LOOP_ANALYSIS = YES;
				CLANG_WARN_STRICT_PROTOTYPES = YES;
				CLANG_WARN_SUSPICIOUS_MOVE = YES;
				CLANG_WARN_UNGUARDED_AVAILABILITY = YES_AGGRESSIVE;
				CLANG_WARN_UNREACHABLE_CODE = YES;
				CLANG_WARN__DUPLICATE_METHOD_MATCH = YES;
				COPY_PHASE_STRIP = NO;
				DEBUG_INFORMATION_FORMAT = "dwarf-with-dsym";
				ENABLE_NS_ASSERTIONS = NO;
				ENABLE_STRICT_OBJC_MSGSEND = YES;
				GCC_C_LANGUAGE_STANDARD = gnu11;
				GCC_NO_COMMON_BLOCKS = YES;
				GCC_WARN_64_TO_32_BIT_CONVERSION = YES;
				GCC_WARN_ABOUT_RETURN_TYPE = YES_ERROR;
				GCC_WARN_UNDECLARED_SELECTOR = YES;
				GCC_WARN_UNINITIALIZED_AUTOS = YES_AGGRESSIVE;
				GCC_WARN_UNUSED_FUNCTION = YES;
				GCC_WARN_UNUSED_VARIABLE = YES;
				IPHONEOS_DEPLOYMENT_TARGET = 16.2;
				MTL_ENABLE_DEBUG_INFO = NO;
				MTL_FAST_MATH = YES;
				SDKROOT = iphoneos;
				SWIFT_COMPILATION_MODE = wholemodule;
				SWIFT_OPTIMIZATION_LEVEL = "-O";
				VALIDATE_PRODUCT = YES;
			};
			name = Release;
		};
		F24154FE2A17E613002CB17A /* Debug */ = {
			isa = XCBuildConfiguration;
			buildSettings = {
				ASSETCATALOG_COMPILER_APPICON_NAME = AppIcon;
				ASSETCATALOG_COMPILER_GLOBAL_ACCENT_COLOR_NAME = AccentColor;
				CODE_SIGN_STYLE = Automatic;
				CURRENT_PROJECT_VERSION = 1;
				DEVELOPMENT_ASSET_PATHS = "\"aula3Manha/Preview Content\"";
				ENABLE_PREVIEWS = YES;
				GENERATE_INFOPLIST_FILE = YES;
				INFOPLIST_KEY_UIApplicationSceneManifest_Generation = YES;
				INFOPLIST_KEY_UIApplicationSupportsIndirectInputEvents = YES;
				INFOPLIST_KEY_UILaunchScreen_Generation = YES;
				INFOPLIST_KEY_UISupportedInterfaceOrientations_iPad = "UIInterfaceOrientationPortrait UIInterfaceOrientationPortraitUpsideDown UIInterfaceOrientationLandscapeLeft UIInterfaceOrientationLandscapeRight";
				INFOPLIST_KEY_UISupportedInterfaceOrientations_iPhone = "UIInterfaceOrientationPortrait UIInterfaceOrientationLandscapeLeft UIInterfaceOrientationLandscapeRight";
				LD_RUNPATH_SEARCH_PATHS = (
					"$(inherited)",
					"@executable_path/Frameworks",
				);
				MARKETING_VERSION = 1.0;
				PRODUCT_BUNDLE_IDENTIFIER = com.br.aula3Manha;
				PRODUCT_NAME = "$(TARGET_NAME)";
				SWIFT_EMIT_LOC_STRINGS = YES;
				SWIFT_VERSION = 5.0;
				TARGETED_DEVICE_FAMILY = "1,2";
			};
			name = Debug;
		};
		F24154FF2A17E613002CB17A /* Release */ = {
			isa = XCBuildConfiguration;
			buildSettings = {
				ASSETCATALOG_COMPILER_APPICON_NAME = AppIcon;
				ASSETCATALOG_COMPILER_GLOBAL_ACCENT_COLOR_NAME = AccentColor;
				CODE_SIGN_STYLE = Automatic;
				CURRENT_PROJECT_VERSION = 1;
				DEVELOPMENT_ASSET_PATHS = "\"aula3Manha/Preview Content\"";
				ENABLE_PREVIEWS = YES;
				GENERATE_INFOPLIST_FILE = YES;
				INFOPLIST_KEY_UIApplicationSceneManifest_Generation = YES;
				INFOPLIST_KEY_UIApplicationSupportsIndirectInputEvents = YES;
				INFOPLIST_KEY_UILaunchScreen_Generation = YES;
				INFOPLIST_KEY_UISupportedInterfaceOrientations_iPad = "UIInterfaceOrientationPortrait UIInterfaceOrientationPortraitUpsideDown UIInterfaceOrientationLandscapeLeft UIInterfaceOrientationLandscapeRight";
				INFOPLIST_KEY_UISupportedInterfaceOrientations_iPhone = "UIInterfaceOrientationPortrait UIInterfaceOrientationLandscapeLeft UIInterfaceOrientationLandscapeRight";
				LD_RUNPATH_SEARCH_PATHS = (
					"$(inherited)",
					"@executable_path/Frameworks",
				);
				MARKETING_VERSION = 1.0;
				PRODUCT_BUNDLE_IDENTIFIER = com.br.aula3Manha;
				PRODUCT_NAME = "$(TARGET_NAME)";
				SWIFT_EMIT_LOC_STRINGS = YES;
				SWIFT_VERSION = 5.0;
				TARGETED_DEVICE_FAMILY = "1,2";
			};
			name = Release;
		};
/* End XCBuildConfiguration section */

/* Begin XCConfigurationList section */
		F24154EA2A17E611002CB17A /* Build configuration list for PBXProject "aula3Manha" */ = {
			isa = XCConfigurationList;
			buildConfigurations = (
				F24154FB2A17E613002CB17A /* Debug */,
				F24154FC2A17E613002CB17A /* Release */,
			);
			defaultConfigurationIsVisible = 0;
			defaultConfigurationName = Release;
		};
		F24154FD2A17E613002CB17A /* Build configuration list for PBXNativeTarget "aula3Manha" */ = {
			isa = XCConfigurationList;
			buildConfigurations = (
				F24154FE2A17E613002CB17A /* Debug */,
				F24154FF2A17E613002CB17A /* Release */,
			);
			defaultConfigurationIsVisible = 0;
			defaultConfigurationName = Release;
		};
/* End XCConfigurationList section */
	};
	rootObject = F24154E72A17E611002CB17A /* Project object */;
}
