// !$*UTF8*$!
{
	archiveVersion = 1;
	classes = {
	};
	objectVersion = 56;
	objects = {

/* Begin PBXBuildFile section */
		F24155192A180029002CB17A /* Aula3Desafio2App.swift in Sources */ = {isa = PBXBuildFile; fileRef = F24155182A180029002CB17A /* Aula3Desafio2App.swift */; };
		F241551B2A180029002CB17A /* ContentView.swift in Sources */ = {isa = PBXBuildFile; fileRef = F241551A2A180029002CB17A /* ContentView.swift */; };
		F241551D2A18002B002CB17A /* Assets.xcassets in Resources */ = {isa = PBXBuildFile; fileRef = F241551C2A18002B002CB17A /* Assets.xcassets */; };
		F24155202A18002B002CB17A /* Preview Assets.xcassets in Resources */ = {isa = PBXBuildFile; fileRef = F241551F2A18002B002CB17A /* Preview Assets.xcassets */; };
		F24155272A180123002CB17A /* Modo1.swift in Sources */ = {isa = PBXBuildFile; fileRef = F24155262A180123002CB17A /* Modo1.swift */; };
		F24155292A18016C002CB17A /* Modo2.swift in Sources */ = {isa = PBXBuildFile; fileRef = F24155282A18016C002CB17A /* Modo2.swift */; };
		F241552B2A18017E002CB17A /* Modo2a.swift in Sources */ = {isa = PBXBuildFile; fileRef = F241552A2A18017E002CB17A /* Modo2a.swift */; };
		F241552D2A18018B002CB17A /* Modo3.swift in Sources */ = {isa = PBXBuildFile; fileRef = F241552C2A18018B002CB17A /* Modo3.swift */; };
/* End PBXBuildFile section */

/* Begin PBXFileReference section */
		F24155152A180029002CB17A /* Aula3Desafio2.app */ = {isa = PBXFileReference; explicitFileType = wrapper.application; includeInIndex = 0; path = Aula3Desafio2.app; sourceTree = BUILT_PRODUCTS_DIR; };
		F24155182A180029002CB17A /* Aula3Desafio2App.swift */ = {isa = PBXFileReference; lastKnownFileType = sourcecode.swift; path = Aula3Desafio2App.swift; sourceTree = "<group>"; };
		F241551A2A180029002CB17A /* ContentView.swift */ = {isa = PBXFileReference; lastKnownFileType = sourcecode.swift; path = ContentView.swift; sourceTree = "<group>"; };
		F241551C2A18002B002CB17A /* Assets.xcassets */ = {isa = PBXFileReference; lastKnownFileType = folder.assetcatalog; path = Assets.xcassets; sourceTree = "<group>"; };
		F241551F2A18002B002CB17A /* Preview Assets.xcassets */ = {isa = PBXFileReference; lastKnownFileType = folder.assetcatalog; path = "Preview Assets.xcassets"; sourceTree = "<group>"; };
		F24155262A180123002CB17A /* Modo1.swift */ = {isa = PBXFileReference; lastKnownFileType = sourcecode.swift; path = Modo1.swift; sourceTree = "<group>"; };
		F24155282A18016C002CB17A /* Modo2.swift */ = {isa = PBXFileReference; lastKnownFileType = sourcecode.swift; path = Modo2.swift; sourceTree = "<group>"; };
		F241552A2A18017E002CB17A /* Modo2a.swift */ = {isa = PBXFileReference; lastKnownFileType = sourcecode.swift; path = Modo2a.swift; sourceTree = "<group>"; };
		F241552C2A18018B002CB17A /* Modo3.swift */ = {isa = PBXFileReference; lastKnownFileType = sourcecode.swift; path = Modo3.swift; sourceTree = "<group>"; };
/* End PBXFileReference section */

/* Begin PBXFrameworksBuildPhase section */
		F24155122A180029002CB17A /* Frameworks */ = {
			isa = PBXFrameworksBuildPhase;
			buildActionMask = 2147483647;
			files = (
			);
			runOnlyForDeploymentPostprocessing = 0;
		};
/* End PBXFrameworksBuildPhase section */

/* Begin PBXGroup section */
		F241550C2A180029002CB17A = {
			isa = PBXGroup;
			children = (
				F24155172A180029002CB17A /* Aula3Desafio2 */,
				F24155162A180029002CB17A /* Products */,
			);
			sourceTree = "<group>";
		};
		F24155162A180029002CB17A /* Products */ = {
			isa = PBXGroup;
			children = (
				F24155152A180029002CB17A /* Aula3Desafio2.app */,
			);
			name = Products;
			sourceTree = "<group>";
		};
		F24155172A180029002CB17A /* Aula3Desafio2 */ = {
			isa = PBXGroup;
			children = (
				F24155182A180029002CB17A /* Aula3Desafio2App.swift */,
				F241551A2A180029002CB17A /* ContentView.swift */,
				F24155262A180123002CB17A /* Modo1.swift */,
				F24155282A18016C002CB17A /* Modo2.swift */,
				F241552A2A18017E002CB17A /* Modo2a.swift */,
				F241552C2A18018B002CB17A /* Modo3.swift */,
				F241551C2A18002B002CB17A /* Assets.xcassets */,
				F241551E2A18002B002CB17A /* Preview Content */,
			);
			path = Aula3Desafio2;
			sourceTree = "<group>";
		};
		F241551E2A18002B002CB17A /* Preview Content */ = {
			isa = PBXGroup;
			children = (
				F241551F2A18002B002CB17A /* Preview Assets.xcassets */,
			);
			path = "Preview Content";
			sourceTree = "<group>";
		};
/* End PBXGroup section */

/* Begin PBXNativeTarget section */
		F24155142A180029002CB17A /* Aula3Desafio2 */ = {
			isa = PBXNativeTarget;
			buildConfigurationList = F24155232A18002B002CB17A /* Build configuration list for PBXNativeTarget "Aula3Desafio2" */;
			buildPhases = (
				F24155112A180029002CB17A /* Sources */,
				F24155122A180029002CB17A /* Frameworks */,
				F24155132A180029002CB17A /* Resources */,
			);
			buildRules = (
			);
			dependencies = (
			);
			name = Aula3Desafio2;
			productName = Aula3Desafio2;
			productReference = F24155152A180029002CB17A /* Aula3Desafio2.app */;
			productType = "com.apple.product-type.application";
		};
/* End PBXNativeTarget section */

/* Begin PBXProject section */
		F241550D2A180029002CB17A /* Project object */ = {
			isa = PBXProject;
			attributes = {
				BuildIndependentTargetsInParallel = 1;
				LastSwiftUpdateCheck = 1420;
				LastUpgradeCheck = 1420;
				TargetAttributes = {
					F24155142A180029002CB17A = {
						CreatedOnToolsVersion = 14.2;
					};
				};
			};
			buildConfigurationList = F24155102A180029002CB17A /* Build configuration list for PBXProject "Aula3Desafio2" */;
			compatibilityVersion = "Xcode 14.0";
			developmentRegion = en;
			hasScannedForEncodings = 0;
			knownRegions = (
				en,
				Base,
			);
			mainGroup = F241550C2A180029002CB17A;
			productRefGroup = F24155162A180029002CB17A /* Products */;
			projectDirPath = "";
			projectRoot = "";
			targets = (
				F24155142A180029002CB17A /* Aula3Desafio2 */,
			);
		};
/* End PBXProject section */

/* Begin PBXResourcesBuildPhase section */
		F24155132A180029002CB17A /* Resources */ = {
			isa = PBXResourcesBuildPhase;
			buildActionMask = 2147483647;
			files = (
				F24155202A18002B002CB17A /* Preview Assets.xcassets in Resources */,
				F241551D2A18002B002CB17A /* Assets.xcassets in Resources */,
			);
			runOnlyForDeploymentPostprocessing = 0;
		};
/* End PBXResourcesBuildPhase section */

/* Begin PBXSourcesBuildPhase section */
		F24155112A180029002CB17A /* Sources */ = {
			isa = PBXSourcesBuildPhase;
			buildActionMask = 2147483647;
			files = (
				F241551B2A180029002CB17A /* ContentView.swift in Sources */,
				F24155272A180123002CB17A /* Modo1.swift in Sources */,
				F24155192A180029002CB17A /* Aula3Desafio2App.swift in Sources */,
				F24155292A18016C002CB17A /* Modo2.swift in Sources */,
				F241552D2A18018B002CB17A /* Modo3.swift in Sources */,
				F241552B2A18017E002CB17A /* Modo2a.swift in Sources */,
			);
			runOnlyForDeploymentPostprocessing = 0;
		};
/* End PBXSourcesBuildPhase section */

/* Begin XCBuildConfiguration section */
		F24155212A18002B002CB17A /* Debug */ = {
			isa = XCBuildConfiguration;
			buildSettings = {
				ALWAYS_SEARCH_USER_PATHS = NO;
				CLANG_ANALYZER_NONNULL = YES;
				CLANG_ANALYZER_NUMBER_OBJECT_CONVERSION = YES_AGGRESSIVE;
				CLANG_CXX_LANGUAGE_STANDARD = "gnu++20";
				CLANG_ENABLE_MODULES = YES;
				CLANG_ENABLE_OBJC_ARC = YES;
				CLANG_ENABLE_OBJC_WEAK = YES;
				CLANG_WARN_BLOCK_CAPTURE_AUTORELEASING = YES;
				CLANG_WARN_BOOL_CONVERSION = YES;
				CLANG_WARN_COMMA = YES;
				CLANG_WARN_CONSTANT_CONVERSION = YES;
				CLANG_WARN_DEPRECATED_OBJC_IMPLEMENTATIONS = YES;
				CLANG_WARN_DIRECT_OBJC_ISA_USAGE = YES_ERROR;
				CLANG_WARN_DOCUMENTATION_COMMENTS = YES;
				CLANG_WARN_EMPTY_BODY = YES;
				CLANG_WARN_ENUM_CONVERSION = YES;
				CLANG_WARN_INFINITE_RECURSION = YES;
				CLANG_WARN_INT_CONVERSION = YES;
				CLANG_WARN_NON_LITERAL_NULL_CONVERSION = YES;
				CLANG_WARN_OBJC_IMPLICIT_RETAIN_SELF = YES;
				CLANG_WARN_OBJC_LITERAL_CONVERSION = YES;
				CLANG_WARN_OBJC_ROOT_CLASS = YES_ERROR;
				CLANG_WARN_QUOTED_INCLUDE_IN_FRAMEWORK_HEADER = YES;
				CLANG_WARN_RANGE_LOOP_ANALYSIS = YES;
				CLANG_WARN_STRICT_PROTOTYPES = YES;
				CLANG_WARN_SUSPICIOUS_MOVE = YES;
				CLANG_WARN_UNGUARDED_AVAILABILITY = YES_AGGRESSIVE;
				CLANG_WARN_UNREACHABLE_CODE = YES;
				CLANG_WARN__DUPLICATE_METHOD_MATCH = YES;
				COPY_PHASE_STRIP = NO;
				DEBUG_INFORMATION_FORMAT = dwarf;
				ENABLE_STRICT_OBJC_MSGSEND = YES;
				ENABLE_TESTABILITY = YES;
				GCC_C_LANGUAGE_STANDARD = gnu11;
				GCC_DYNAMIC_NO_PIC = NO;
				GCC_NO_COMMON_BLOCKS = YES;
				GCC_OPTIMIZATION_LEVEL = 0;
				GCC_PREPROCESSOR_DEFINITIONS = (
					"DEBUG=1",
					"$(inherited)",
				);
				GCC_WARN_64_TO_32_BIT_CONVERSION = YES;
				GCC_WARN_ABOUT_RETURN_TYPE = YES_ERROR;
				GCC_WARN_UNDECLARED_SELECTOR = YES;
				GCC_WARN_UNINITIALIZED_AUTOS = YES_AGGRESSIVE;
				GCC_WARN_UNUSED_FUNCTION = YES;
				GCC_WARN_UNUSED_VARIABLE = YES;
				IPHONEOS_DEPLOYMENT_TARGET = 16.2;
				MTL_ENABLE_DEBUG_INFO = INCLUDE_SOURCE;
				MTL_FAST_MATH = YES;
				ONLY_ACTIVE_ARCH = YES;
				SDKROOT = iphoneos;
				SWIFT_ACTIVE_COMPILATION_CONDITIONS = DEBUG;
				SWIFT_OPTIMIZATION_LEVEL = "-Onone";
			};
			name = Debug;
		};
		F24155222A18002B002CB17A /* Release */ = {
			isa = XCBuildConfiguration;
			buildSettings = {
				ALWAYS_SEARCH_USER_PATHS = NO;
				CLANG_ANALYZER_NONNULL = YES;
				CLANG_ANALYZER_NUMBER_OBJECT_CONVERSION = YES_AGGRESSIVE;
				CLANG_CXX_LANGUAGE_STANDARD = "gnu++20";
				CLANG_ENABLE_MODULES = YES;
				CLANG_ENABLE_OBJC_ARC = YES;
				CLANG_ENABLE_OBJC_WEAK = YES;
				CLANG_WARN_BLOCK_CAPTURE_AUTORELEASING = YES;
				CLANG_WARN_BOOL_CONVERSION = YES;
				CLANG_WARN_COMMA = YES;
				CLANG_WARN_CONSTANT_CONVERSION = YES;
				CLANG_WARN_DEPRECATED_OBJC_IMPLEMENTATIONS = YES;
				CLANG_WARN_DIRECT_OBJC_ISA_USAGE = YES_ERROR;
				CLANG_WARN_DOCUMENTATION_COMMENTS = YES;
				CLANG_WARN_EMPTY_BODY = YES;
				CLANG_WARN_ENUM_CONVERSION = YES;
				CLANG_WARN_INFINITE_RECURSION = YES;
				CLANG_WARN_INT_CONVERSION = YES;
				CLANG_WARN_NON_LITERAL_NULL_CONVERSION = YES;
				CLANG_WARN_OBJC_IMPLICIT_RETAIN_SELF = YES;
				CLANG_WARN_OBJC_LITERAL_CONVERSION = YES;
				CLANG_WARN_OBJC_ROOT_CLASS = YES_ERROR;
				CLANG_WARN_QUOTED_INCLUDE_IN_FRAMEWORK_HEADER = YES;
				CLANG_WARN_RANGE_LOOP_ANALYSIS = YES;
				CLANG_WARN_STRICT_PROTOTYPES = YES;
				CLANG_WARN_SUSPICIOUS_MOVE = YES;
				CLANG_WARN_UNGUARDED_AVAILABILITY = YES_AGGRESSIVE;
				CLANG_WARN_UNREACHABLE_CODE = YES;
				CLANG_WARN__DUPLICATE_METHOD_MATCH = YES;
				COPY_PHASE_STRIP = NO;
				DEBUG_INFORMATION_FORMAT = "dwarf-with-dsym";
				ENABLE_NS_ASSERTIONS = NO;
				ENABLE_STRICT_OBJC_MSGSEND = YES;
				GCC_C_LANGUAGE_STANDARD = gnu11;
				GCC_NO_COMMON_BLOCKS = YES;
				GCC_WARN_64_TO_32_BIT_CONVERSION = YES;
				GCC_WARN_ABOUT_RETURN_TYPE = YES_ERROR;
				GCC_WARN_UNDECLARED_SELECTOR = YES;
				GCC_WARN_UNINITIALIZED_AUTOS = YES_AGGRESSIVE;
				GCC_WARN_UNUSED_FUNCTION = YES;
				GCC_WARN_UNUSED_VARIABLE = YES;
				IPHONEOS_DEPLOYMENT_TARGET = 16.2;
				MTL_ENABLE_DEBUG_INFO = NO;
				MTL_FAST_MATH = YES;
				SDKROOT = iphoneos;
				SWIFT_COMPILATION_MODE = wholemodule;
				SWIFT_OPTIMIZATION_LEVEL = "-O";
				VALIDATE_PRODUCT = YES;
			};
			name = Release;
		};
		F24155242A18002B002CB17A /* Debug */ = {
			isa = XCBuildConfiguration;
			buildSettings = {
				ASSETCATALOG_COMPILER_APPICON_NAME = AppIcon;
				ASSETCATALOG_COMPILER_GLOBAL_ACCENT_COLOR_NAME = AccentColor;
				CODE_SIGN_STYLE = Automatic;
				CURRENT_PROJECT_VERSION = 1;
				DEVELOPMENT_ASSET_PATHS = "\"Aula3Desafio2/Preview Content\"";
				ENABLE_PREVIEWS = YES;
				GENERATE_INFOPLIST_FILE = YES;
				INFOPLIST_KEY_UIApplicationSceneManifest_Generation = YES;
				INFOPLIST_KEY_UIApplicationSupportsIndirectInputEvents = YES;
				INFOPLIST_KEY_UILaunchScreen_Generation = YES;
				INFOPLIST_KEY_UISupportedInterfaceOrientations_iPad = "UIInterfaceOrientationPortrait UIInterfaceOrientationPortraitUpsideDown UIInterfaceOrientationLandscapeLeft UIInterfaceOrientationLandscapeRight";
				INFOPLIST_KEY_UISupportedInterfaceOrientations_iPhone = "UIInterfaceOrientationPortrait UIInterfaceOrientationLandscapeLeft UIInterfaceOrientationLandscapeRight";
				LD_RUNPATH_SEARCH_PATHS = (
					"$(inherited)",
					"@executable_path/Frameworks",
				);
				MARKETING_VERSION = 1.0;
				PRODUCT_BUNDLE_IDENTIFIER = com.br.Aula3Desafio2;
				PRODUCT_NAME = "$(TARGET_NAME)";
				SWIFT_EMIT_LOC_STRINGS = YES;
				SWIFT_VERSION = 5.0;
				TARGETED_DEVICE_FAMILY = "1,2";
			};
			name = Debug;
		};
		F24155252A18002B002CB17A /* Release */ = {
			isa = XCBuildConfiguration;
			buildSettings = {
				ASSETCATALOG_COMPILER_APPICON_NAME = AppIcon;
				ASSETCATALOG_COMPILER_GLOBAL_ACCENT_COLOR_NAME = AccentColor;
				CODE_SIGN_STYLE = Automatic;
				CURRENT_PROJECT_VERSION = 1;
				DEVELOPMENT_ASSET_PATHS = "\"Aula3Desafio2/Preview Content\"";
				ENABLE_PREVIEWS = YES;
				GENERATE_INFOPLIST_FILE = YES;
				INFOPLIST_KEY_UIApplicationSceneManifest_Generation = YES;
				INFOPLIST_KEY_UIApplicationSupportsIndirectInputEvents = YES;
				INFOPLIST_KEY_UILaunchScreen_Generation = YES;
				INFOPLIST_KEY_UISupportedInterfaceOrientations_iPad = "UIInterfaceOrientationPortrait UIInterfaceOrientationPortraitUpsideDown UIInterfaceOrientationLandscapeLeft UIInterfaceOrientationLandscapeRight";
				INFOPLIST_KEY_UISupportedInterfaceOrientations_iPhone = "UIInterfaceOrientationPortrait UIInterfaceOrientationLandscapeLeft UIInterfaceOrientationLandscapeRight";
				LD_RUNPATH_SEARCH_PATHS = (
					"$(inherited)",
					"@executable_path/Frameworks",
				);
				MARKETING_VERSION = 1.0;
				PRODUCT_BUNDLE_IDENTIFIER = com.br.Aula3Desafio2;
				PRODUCT_NAME = "$(TARGET_NAME)";
				SWIFT_EMIT_LOC_STRINGS = YES;
				SWIFT_VERSION = 5.0;
				TARGETED_DEVICE_FAMILY = "1,2";
			};
			name = Release;
		};
/* End XCBuildConfiguration section */

/* Begin XCConfigurationList section */
		F24155102A180029002CB17A /* Build configuration list for PBXProject "Aula3Desafio2" */ = {
			isa = XCConfigurationList;
			buildConfigurations = (
				F24155212A18002B002CB17A /* Debug */,
				F24155222A18002B002CB17A /* Release */,
			);
			defaultConfigurationIsVisible = 0;
			defaultConfigurationName = Release;
		};
		F24155232A18002B002CB17A /* Build configuration list for PBXNativeTarget "Aula3Desafio2" */ = {
			isa = XCConfigurationList;
			buildConfigurations = (
				F24155242A18002B002CB17A /* Debug */,
				F24155252A18002B002CB17A /* Release */,
			);
			defaultConfigurationIsVisible = 0;
			defaultConfigurationName = Release;
		};
/* End XCConfigurationList section */
	};
	rootObject = F241550D2A180029002CB17A /* Project object */;
}
